
Microsoft Visual Studio Solution File, Format Version 12.00
# Visual Studio Version 17
VisualStudioVersion = 17.9.34616.47
MinimumVisualStudioVersion = 10.0.40219.1
Project("{FAE04EC0-301F-11D3-BF4B-00C04F79EFBC}") = "Using", "Using\Using.csproj", "{F5EFB9DF-7743-4763-A28E-B8AAA117CD5E}"
EndProject
Global
	GlobalSection(SolutionConfigurationPlatforms) = preSolution
		Debug|Any CPU = Debug|Any CPU
		Release|Any CPU = Release|Any CPU
	EndGlobalSection
	GlobalSection(ProjectConfigurationPlatforms) = postSolution
		{F5EFB9DF-7743-4763-A28E-B8AAA117CD5E}.Debug|Any CPU.ActiveCfg = Debug|Any CPU
		{F5EFB9DF-7743-4763-A28E-B8AAA117CD5E}.Debug|Any CPU.Build.0 = Debug|Any CPU
		{F5EFB9DF-7743-4763-A28E-B8AAA117CD5E}.Release|Any CPU.ActiveCfg = Release|Any CPU
		{F5EFB9DF-7743-4763-A28E-B8AAA117CD5E}.Release|Any CPU.Build.0 = Release|Any CPU
	EndGlobalSection
	GlobalSection(SolutionProperties) = preSolution
		HideSolutionNode = FALSE
	EndGlobalSection
	GlobalSection(ExtensibilityGlobals) = postSolution
		SolutionGuid = {25519DE2-AB2E-4B0D-9EE0-389B7F231F57}
	EndGlobalSection
EndGlobal
